
Microsoft Visual Studio Solution File, Format Version 12.00
# Visual Studio Version 17
VisualStudioVersion = 17.3.32804.467
MinimumVisualStudioVersion = 10.0.40219.1
Project("{9A19103F-16F7-4668-BE54-9A1E7A4F7556}") = "Shipment.API", "Shipment.API\Shipment.API.csproj", "{BA3AB08A-7F0B-4030-8F32-BEBD23E62143}"
EndProject
Project("{9A19103F-16F7-4668-BE54-9A1E7A4F7556}") = "Shipment.Web", "Shipment.Web\Shipment.Web.csproj", "{9D38FA19-A57C-4D2B-938E-0184A3E31105}"
EndProject
Project("{9A19103F-16F7-4668-BE54-9A1E7A4F7556}") = "Shipment.Models", "Shipment.Models\Shipment.Models.csproj", "{1E4281CD-EAB1-4C81-8C46-7063EB233D16}"
EndProject
Project("{9A19103F-16F7-4668-BE54-9A1E7A4F7556}") = "Shipment.Business", "Shipment.Business\Shipment.Business.csproj", "{7FA43E30-8BB6-4CD7-A369-69C468757113}"
EndProject
Project("{9A19103F-16F7-4668-BE54-9A1E7A4F7556}") = "Shipment.Common", "Shipment.Common\Shipment.Common.csproj", "{8D733AAF-E161-4622-8946-A035BA454F77}"
EndProject
Global
	GlobalSection(SolutionConfigurationPlatforms) = preSolution
		Debug|Any CPU = Debug|Any CPU
		Release|Any CPU = Release|Any CPU
	EndGlobalSection
	GlobalSection(ProjectConfigurationPlatforms) = postSolution
		{BA3AB08A-7F0B-4030-8F32-BEBD23E62143}.Debug|Any CPU.ActiveCfg = Debug|Any CPU
		{BA3AB08A-7F0B-4030-8F32-BEBD23E62143}.Debug|Any CPU.Build.0 = Debug|Any CPU
		{BA3AB08A-7F0B-4030-8F32-BEBD23E62143}.Release|Any CPU.ActiveCfg = Release|Any CPU
		{BA3AB08A-7F0B-4030-8F32-BEBD23E62143}.Release|Any CPU.Build.0 = Release|Any CPU
		{9D38FA19-A57C-4D2B-938E-0184A3E31105}.Debug|Any CPU.ActiveCfg = Debug|Any CPU
		{9D38FA19-A57C-4D2B-938E-0184A3E31105}.Debug|Any CPU.Build.0 = Debug|Any CPU
		{9D38FA19-A57C-4D2B-938E-0184A3E31105}.Release|Any CPU.ActiveCfg = Release|Any CPU
		{9D38FA19-A57C-4D2B-938E-0184A3E31105}.Release|Any CPU.Build.0 = Release|Any CPU
		{1E4281CD-EAB1-4C81-8C46-7063EB233D16}.Debug|Any CPU.ActiveCfg = Debug|Any CPU
		{1E4281CD-EAB1-4C81-8C46-7063EB233D16}.Debug|Any CPU.Build.0 = Debug|Any CPU
		{1E4281CD-EAB1-4C81-8C46-7063EB233D16}.Release|Any CPU.ActiveCfg = Release|Any CPU
		{1E4281CD-EAB1-4C81-8C46-7063EB233D16}.Release|Any CPU.Build.0 = Release|Any CPU
		{7FA43E30-8BB6-4CD7-A369-69C468757113}.Debug|Any CPU.ActiveCfg = Debug|Any CPU
		{7FA43E30-8BB6-4CD7-A369-69C468757113}.Debug|Any CPU.Build.0 = Debug|Any CPU
		{7FA43E30-8BB6-4CD7-A369-69C468757113}.Release|Any CPU.ActiveCfg = Release|Any CPU
		{7FA43E30-8BB6-4CD7-A369-69C468757113}.Release|Any CPU.Build.0 = Release|Any CPU
		{8D733AAF-E161-4622-8946-A035BA454F77}.Debug|Any CPU.ActiveCfg = Debug|Any CPU
		{8D733AAF-E161-4622-8946-A035BA454F77}.Debug|Any CPU.Build.0 = Debug|Any CPU
		{8D733AAF-E161-4622-8946-A035BA454F77}.Release|Any CPU.ActiveCfg = Release|Any CPU
		{8D733AAF-E161-4622-8946-A035BA454F77}.Release|Any CPU.Build.0 = Release|Any CPU
	EndGlobalSection
	GlobalSection(SolutionProperties) = preSolution
		HideSolutionNode = FALSE
	EndGlobalSection
	GlobalSection(ExtensibilityGlobals) = postSolution
		SolutionGuid = {F8919908-C921-4776-A1DB-A84758CB9E7B}
	EndGlobalSection
EndGlobal
